{
  "name": "telegram-bot-ea-sales",
  "version": "1.0.0",
  "lockfileVersion": 2,
  "requires": true,
  "packages": {
    "": {
      "name": "telegram-bot-ea-sales",
      "version": "1.0.0",
      "license": "ISC",
      "dependencies": {
        "node-telegram-bot-api": "^0.61.0"
      }
    },
    "node_modules/node-telegram-bot-api": {
      "version": "0.61.0",
      "resolved": "https://registry.npmjs.org/node-telegram-bot-api/-/node-telegram-bot-api-0.61.0.tgz",
      "integrity": "sha512-/U0qSgB8JhwCSslI+Vu3tcDLPRrjD3V7QUswOwz6MQ7BzmWo2twUo9ZxyYIDoK0WTm2KiXyStInJeJpcMpoHVA==",
      "engines": {
        "node": ">=10.0.0"
      },
      "dependencies": {
        "debug": "^4.3.4",
        "eventemitter3": "^4.0.7",
        "file-type": "^16.5.3",
        "form-data": "^4.0.0",
        "mime": "^2.6.0",
        "pump": "^3.0.0",
        "request": "^2.88.2",
        "socks-proxy-agent": "^5.0.1"
      }
    }
  }
}
